
Microsoft Visual Studio Solution File, Format Version 12.00
# Visual Studio Version 17
VisualStudioVersion = 17.10.35013.160
MinimumVisualStudioVersion = 10.0.40219.1
Project("{FAE04EC0-301F-11D3-BF4B-00C04F79EFBC}") = "finger-count", "finger-count\finger-count.csproj", "{2C28EA83-DB8E-4577-99B5-2093EAF5A038}"
EndProject
Global
	GlobalSection(SolutionConfigurationPlatforms) = preSolution
		Debug|Any CPU = Debug|Any CPU
		Release|Any CPU = Release|Any CPU
	EndGlobalSection
	GlobalSection(ProjectConfigurationPlatforms) = postSolution
		{2C28EA83-DB8E-4577-99B5-2093EAF5A038}.Debug|Any CPU.ActiveCfg = Debug|Any CPU
		{2C28EA83-DB8E-4577-99B5-2093EAF5A038}.Debug|Any CPU.Build.0 = Debug|Any CPU
		{2C28EA83-DB8E-4577-99B5-2093EAF5A038}.Release|Any CPU.ActiveCfg = Release|Any CPU
		{2C28EA83-DB8E-4577-99B5-2093EAF5A038}.Release|Any CPU.Build.0 = Release|Any CPU
	EndGlobalSection
	GlobalSection(SolutionProperties) = preSolution
		HideSolutionNode = FALSE
	EndGlobalSection
	GlobalSection(ExtensibilityGlobals) = postSolution
		SolutionGuid = {94FFF8F8-A20D-4DD7-AE74-1F227688C9FC}
	EndGlobalSection
EndGlobal
